
Microsoft Visual Studio Solution File, Format Version 12.00
# Visual Studio Version 17
VisualStudioVersion = 17.10.35122.118
MinimumVisualStudioVersion = 10.0.40219.1
Project("{FAE04EC0-301F-11D3-BF4B-00C04F79EFBC}") = "Hotel", "Hotel\Hotel.csproj", "{651B778F-F3A4-4CE7-A3EB-DF730AF043D6}"
EndProject
Global
	GlobalSection(SolutionConfigurationPlatforms) = preSolution
		Debug|Any CPU = Debug|Any CPU
		Release|Any CPU = Release|Any CPU
	EndGlobalSection
	GlobalSection(ProjectConfigurationPlatforms) = postSolution
		{651B778F-F3A4-4CE7-A3EB-DF730AF043D6}.Debug|Any CPU.ActiveCfg = Debug|Any CPU
		{651B778F-F3A4-4CE7-A3EB-DF730AF043D6}.Debug|Any CPU.Build.0 = Debug|Any CPU
		{651B778F-F3A4-4CE7-A3EB-DF730AF043D6}.Release|Any CPU.ActiveCfg = Release|Any CPU
		{651B778F-F3A4-4CE7-A3EB-DF730AF043D6}.Release|Any CPU.Build.0 = Release|Any CPU
	EndGlobalSection
	GlobalSection(SolutionProperties) = preSolution
		HideSolutionNode = FALSE
	EndGlobalSection
	GlobalSection(ExtensibilityGlobals) = postSolution
		SolutionGuid = {14266C97-C2E8-4310-87BC-A2EB58A86113}
	EndGlobalSection
EndGlobal
